
Microsoft Visual Studio Solution File, Format Version 12.00
# Visual Studio Version 16
VisualStudioVersion = 16.0.30011.22
MinimumVisualStudioVersion = 10.0.40219.1
Project("{FAE04EC0-301F-11D3-BF4B-00C04F79EFBC}") = "DataConversionTools", "DataConversionTools\DataConversionTools.csproj", "{D11CDE3B-9190-4337-BEEF-7C302CF30F69}"
EndProject
Project("{FAE04EC0-301F-11D3-BF4B-00C04F79EFBC}") = "DataConversionTools.Tests", "DataConversionTools.Tests\DataConversionTools.Tests.csproj", "{4D07605A-951F-4D49-8FE2-FD392B47A5C2}"
EndProject
Global
	GlobalSection(SolutionConfigurationPlatforms) = preSolution
		Debug|Any CPU = Debug|Any CPU
		Release|Any CPU = Release|Any CPU
	EndGlobalSection
	GlobalSection(ProjectConfigurationPlatforms) = postSolution
		{D11CDE3B-9190-4337-BEEF-7C302CF30F69}.Debug|Any CPU.ActiveCfg = Debug|Any CPU
		{D11CDE3B-9190-4337-BEEF-7C302CF30F69}.Debug|Any CPU.Build.0 = Debug|Any CPU
		{D11CDE3B-9190-4337-BEEF-7C302CF30F69}.Release|Any CPU.ActiveCfg = Release|Any CPU
		{D11CDE3B-9190-4337-BEEF-7C302CF30F69}.Release|Any CPU.Build.0 = Release|Any CPU
		{4D07605A-951F-4D49-8FE2-FD392B47A5C2}.Debug|Any CPU.ActiveCfg = Debug|Any CPU
		{4D07605A-951F-4D49-8FE2-FD392B47A5C2}.Debug|Any CPU.Build.0 = Debug|Any CPU
		{4D07605A-951F-4D49-8FE2-FD392B47A5C2}.Release|Any CPU.ActiveCfg = Release|Any CPU
		{4D07605A-951F-4D49-8FE2-FD392B47A5C2}.Release|Any CPU.Build.0 = Release|Any CPU
	EndGlobalSection
	GlobalSection(SolutionProperties) = preSolution
		HideSolutionNode = FALSE
	EndGlobalSection
	GlobalSection(ExtensibilityGlobals) = postSolution
		SolutionGuid = {1FEA6796-3E31-494E-903D-58E19B801C03}
	EndGlobalSection
EndGlobal
